
Microsoft Visual Studio Solution File, Format Version 12.00
# Visual Studio Version 17
VisualStudioVersion = 17.9.34714.143
MinimumVisualStudioVersion = 10.0.40219.1
Project("{FAE04EC0-301F-11D3-BF4B-00C04F79EFBC}") = "Workday.WebService", "Workday.WebService\Workday.WebService.csproj", "{4783FD29-77D1-4023-BE89-1C54D232CA02}"
EndProject
Global
	GlobalSection(SolutionConfigurationPlatforms) = preSolution
		Debug|Any CPU = Debug|Any CPU
		Release|Any CPU = Release|Any CPU
	EndGlobalSection
	GlobalSection(ProjectConfigurationPlatforms) = postSolution
		{4783FD29-77D1-4023-BE89-1C54D232CA02}.Debug|Any CPU.ActiveCfg = Debug|Any CPU
		{4783FD29-77D1-4023-BE89-1C54D232CA02}.Debug|Any CPU.Build.0 = Debug|Any CPU
		{4783FD29-77D1-4023-BE89-1C54D232CA02}.Release|Any CPU.ActiveCfg = Release|Any CPU
		{4783FD29-77D1-4023-BE89-1C54D232CA02}.Release|Any CPU.Build.0 = Release|Any CPU
	EndGlobalSection
	GlobalSection(SolutionProperties) = preSolution
		HideSolutionNode = FALSE
	EndGlobalSection
	GlobalSection(ExtensibilityGlobals) = postSolution
		SolutionGuid = {0173F037-A871-4BC7-9D12-EB90B1DBF660}
	EndGlobalSection
EndGlobal
